
Microsoft Visual Studio Solution File, Format Version 12.00
# Visual Studio 14
VisualStudioVersion = 14.0.25420.1
MinimumVisualStudioVersion = 10.0.40219.1
Project("{FAE04EC0-301F-11D3-BF4B-00C04F79EFBC}") = "TcpSocketServer", "TcpSocketServer\TcpSocketServer.csproj", "{FF3D0B05-A069-4B56-BD48-5ECA027D3663}"
EndProject
Project("{FAE04EC0-301F-11D3-BF4B-00C04F79EFBC}") = "TcpSocketClient", "TcpSocketClient\TcpSocketClient.csproj", "{5D2EC14C-BB92-43CB-A4A3-4027B92B126F}"
EndProject
Global
	GlobalSection(SolutionConfigurationPlatforms) = preSolution
		Debug|Any CPU = Debug|Any CPU
		Release|Any CPU = Release|Any CPU
	EndGlobalSection
	GlobalSection(ProjectConfigurationPlatforms) = postSolution
		{FF3D0B05-A069-4B56-BD48-5ECA027D3663}.Debug|Any CPU.ActiveCfg = Debug|Any CPU
		{FF3D0B05-A069-4B56-BD48-5ECA027D3663}.Debug|Any CPU.Build.0 = Debug|Any CPU
		{FF3D0B05-A069-4B56-BD48-5ECA027D3663}.Release|Any CPU.ActiveCfg = Release|Any CPU
		{FF3D0B05-A069-4B56-BD48-5ECA027D3663}.Release|Any CPU.Build.0 = Release|Any CPU
		{5D2EC14C-BB92-43CB-A4A3-4027B92B126F}.Debug|Any CPU.ActiveCfg = Debug|Any CPU
		{5D2EC14C-BB92-43CB-A4A3-4027B92B126F}.Debug|Any CPU.Build.0 = Debug|Any CPU
		{5D2EC14C-BB92-43CB-A4A3-4027B92B126F}.Release|Any CPU.ActiveCfg = Release|Any CPU
		{5D2EC14C-BB92-43CB-A4A3-4027B92B126F}.Release|Any CPU.Build.0 = Release|Any CPU
	EndGlobalSection
	GlobalSection(SolutionProperties) = preSolution
		HideSolutionNode = FALSE
	EndGlobalSection
EndGlobal
